version = 1
requires-python = ">=3.7"
resolution-markers = [
    "python_full_version >= '3.12'",
    "python_full_version < '3.8'",
    "python_full_version == '3.8.*'",
    "python_full_version == '3.9.*'",
    "python_full_version == '3.10.*'",
    "python_full_version == '3.11.*'",
]

[[package]]
name = "importlib-metadata"
version = "6.7.0"
source = { registry = "https://pypi.org/simple" }
dependencies = [
    { name = "typing-extensions", marker = "python_full_version < '3.8'" },
    { name = "zipp", marker = "python_full_version < '3.8'" },
]
sdist = { url = "https://files.pythonhosted.org/packages/a3/82/f6e29c8d5c098b6be61460371c2c5591f4a335923639edec43b3830650a4/importlib_metadata-6.7.0.tar.gz", hash = "sha256:1aaf550d4f73e5d6783e7acb77aec43d49da8017410afae93822cc9cca98c4d4", size = 53569 }
wheels = [
    { url = "https://files.pythonhosted.org/packages/ff/94/64287b38c7de4c90683630338cf28f129decbba0a44f0c6db35a873c73c4/importlib_metadata-6.7.0-py3-none-any.whl", hash = "sha256:cb52082e659e97afc5dac71e79de97d8681de3aa07ff18578330904a9d18e5b5", size = 22934 },
]

[[package]]
name = "mouseinfo"
version = "0.1.3"
source = { registry = "https://pypi.org/simple" }
dependencies = [
    { name = "pillow", marker = "python_full_version < '3.8'" },
    { name = "pyperclip" },
    { name = "python3-xlib", marker = "platform_system == 'Linux'" },
    { name = "rubicon-objc", marker = "platform_system == 'Darwin'" },
]
sdist = { url = "https://files.pythonhosted.org/packages/28/fa/b2ba8229b9381e8f6381c1dcae6f4159a7f72349e414ed19cfbbd1817173/MouseInfo-0.1.3.tar.gz", hash = "sha256:2c62fb8885062b8e520a3cce0a297c657adcc08c60952eb05bc8256ef6f7f6e7", size = 10850 }

[[package]]
name = "pillow"
version = "9.5.0"
source = { registry = "https://pypi.org/simple" }
sdist = { url = "https://files.pythonhosted.org/packages/00/d5/4903f310765e0ff2b8e91ffe55031ac6af77d982f0156061e20a4d1a8b2d/Pillow-9.5.0.tar.gz", hash = "sha256:bf548479d336726d7a0eceb6e767e179fbde37833ae42794602631a070d630f1", size = 50488147 }
wheels = [
    { url = "https://files.pythonhosted.org/packages/1b/bc/cff591742feea45f88a3b8a83f7cab4a1dcdb4bcdfc51a06d92f96c81165/Pillow-9.5.0-cp310-cp310-macosx_10_10_x86_64.whl", hash = "sha256:ace6ca218308447b9077c14ea4ef381ba0b67ee78d64046b3f19cf4e1139ad16", size = 3395758 },
    { url = "https://files.pythonhosted.org/packages/38/06/de304914ecd2c911939a28579546bd4d9b6ae0b3c07ce5fe9bd7d100eb34/Pillow-9.5.0-cp310-cp310-macosx_11_0_arm64.whl", hash = "sha256:d3d403753c9d5adc04d4694d35cf0391f0f3d57c8e0030aac09d7678fa8030aa", size = 3077111 },
    { url = "https://files.pythonhosted.org/packages/9a/57/7864b6a22acb5f1d4b70af8c92cbd5e3af25f4d5869c24cd8074ca1f3593/Pillow-9.5.0-cp310-cp310-manylinux_2_17_aarch64.manylinux2014_aarch64.whl", hash = "sha256:5ba1b81ee69573fe7124881762bb4cd2e4b6ed9dd28c9c60a632902fe8db8b38", size = 3112529 },
    { url = "https://files.pythonhosted.org/packages/62/88/46a35f690ee4f8b08aef5fdb47f63d29c34f6874834155e52bf4456d9566/Pillow-9.5.0-cp310-cp310-manylinux_2_17_i686.manylinux2014_i686.whl", hash = "sha256:fe7e1c262d3392afcf5071df9afa574544f28eac825284596ac6db56e6d11062", size = 3386670 },
    { url = "https://files.pythonhosted.org/packages/59/1d/26a56ed1deae695a8c7d13fb514284ba8b9fd62bab9ebe6d6b474523b8b0/Pillow-9.5.0-cp310-cp310-manylinux_2_17_x86_64.manylinux2014_x86_64.whl", hash = "sha256:8f36397bf3f7d7c6a3abdea815ecf6fd14e7fcd4418ab24bae01008d8d8ca15e", size = 3308572 },
    { url = "https://files.pythonhosted.org/packages/d4/36/d22b0fac821a14572fdb9a8015b2bf19ee81eaa560ea25a6772760c86a30/Pillow-9.5.0-cp310-cp310-manylinux_2_28_aarch64.whl", hash = "sha256:252a03f1bdddce077eff2354c3861bf437c892fb1832f75ce813ee94347aa9b5", size = 3163999 },
    { url = "https://files.pythonhosted.org/packages/25/6b/d3c35d207c9c0b6c2f855420f62e64ef43d348e8c797ad1c32b9f2106a19/Pillow-9.5.0-cp310-cp310-manylinux_2_28_x86_64.whl", hash = "sha256:85ec677246533e27770b0de5cf0f9d6e4ec0c212a1f89dfc941b64b21226009d", size = 3415623 },
    { url = "https://files.pythonhosted.org/packages/7a/6a/a7df39c502caeadd942d8bf97bc2fdfc819fbdc7499a2ab05e7db43611ac/Pillow-9.5.0-cp310-cp310-musllinux_1_1_aarch64.whl", hash = "sha256:b416f03d37d27290cb93597335a2f85ed446731200705b22bb927405320de903", size = 3350658 },
    { url = "https://files.pythonhosted.org/packages/2e/ad/d29c8c48498da680521665b8483beb78a9343269bbd0730970e9396b01f0/Pillow-9.5.0-cp310-cp310-musllinux_1_1_x86_64.whl", hash = "sha256:1781a624c229cb35a2ac31cc4a77e28cafc8900733a864870c49bfeedacd106a", size = 3414574 },
    { url = "https://files.pythonhosted.org/packages/93/54/9d7f01fd3fe4069c88827728646e3c8f1aff0995e8422d841b38f034f39a/Pillow-9.5.0-cp310-cp310-win32.whl", hash = "sha256:8507eda3cd0608a1f94f58c64817e83ec12fa93a9436938b191b80d9e4c0fc44", size = 2211916 },
    { url = "https://files.pythonhosted.org/packages/3e/14/0030e542f2acfea43635e55584c114e6cfd94d342393a5f71f74c172dc35/Pillow-9.5.0-cp310-cp310-win_amd64.whl", hash = "sha256:d3c6b54e304c60c4181da1c9dadf83e4a54fd266a99c70ba646a9baa626819eb", size = 2511474 },
    { url = "https://files.pythonhosted.org/packages/78/a8/3c2d737d856eb9cd8c18e78f6fe0ed08a2805bded74cbb0455584859023b/Pillow-9.5.0-cp311-cp311-macosx_10_10_x86_64.whl", hash = "sha256:7ec6f6ce99dab90b52da21cf0dc519e21095e332ff3b399a357c187b1a5eee32", size = 3395792 },
    { url = "https://files.pythonhosted.org/packages/a9/15/310cde63cb15a091de889ded26281924cf9cfa5c000b36b06bd0c7f50261/Pillow-9.5.0-cp311-cp311-macosx_11_0_arm64.whl", hash = "sha256:560737e70cb9c6255d6dcba3de6578a9e2ec4b573659943a5e7e4af13f298f5c", size = 3077092 },
    { url = "https://files.pythonhosted.org/packages/17/66/20db69c0361902a2f6ee2086d3e83c70133e3fb4cb31470e59a8ed37184e/Pillow-9.5.0-cp311-cp311-manylinux_2_17_aarch64.manylinux2014_aarch64.whl", hash = "sha256:96e88745a55b88a7c64fa49bceff363a1a27d9a64e04019c2281049444a571e3", size = 3112543 },
    { url = "https://files.pythonhosted.org/packages/5c/a8/ff526cdec6b56eb20c992e7083f02c8065049ed1e62fbc159390d7a3dd5e/Pillow-9.5.0-cp311-cp311-manylinux_2_17_i686.manylinux2014_i686.whl", hash = "sha256:d9c206c29b46cfd343ea7cdfe1232443072bbb270d6a46f59c259460db76779a", size = 3386654 },
    { url = "https://files.pythonhosted.org/packages/3b/70/e9a45a2e9c58c23e023fcda5af9686f5b42c718cc9bc86194e0025cf0ec5/Pillow-9.5.0-cp311-cp311-manylinux_2_17_x86_64.manylinux2014_x86_64.whl", hash = "sha256:cfcc2c53c06f2ccb8976fb5c71d448bdd0a07d26d8e07e321c103416444c7ad1", size = 3308566 },
    { url = "https://files.pythonhosted.org/packages/61/a5/ee306d6cc53c9a30c23ba2313b43b67fdf76c611ca5afd0cdd62922cbd3e/Pillow-9.5.0-cp311-cp311-manylinux_2_28_aarch64.whl", hash = "sha256:a0f9bb6c80e6efcde93ffc51256d5cfb2155ff8f78292f074f60f9e70b942d99", size = 3164027 },
    { url = "https://files.pythonhosted.org/packages/3d/59/e6bd2c3715ace343d9739276ceed79657fe116923238d102cf731ab463dd/Pillow-9.5.0-cp311-cp311-manylinux_2_28_x86_64.whl", hash = "sha256:8d935f924bbab8f0a9a28404422da8af4904e36d5c33fc6f677e4c4485515625", size = 3415610 },
    { url = "https://files.pythonhosted.org/packages/9a/6d/9beb596ba5a5e61081c843187bcdbb42a5c9a9ef552751b554894247da7a/Pillow-9.5.0-cp311-cp311-musllinux_1_1_aarch64.whl", hash = "sha256:fed1e1cf6a42577953abbe8e6cf2fe2f566daebde7c34724ec8803c4c0cda579", size = 3350704 },
    { url = "https://files.pythonhosted.org/packages/1e/e4/de633d85be3b3c770c554a37a89e8273069bd19c34b15a419c2795600310/Pillow-9.5.0-cp311-cp311-musllinux_1_1_x86_64.whl", hash = "sha256:c1170d6b195555644f0616fd6ed929dfcf6333b8675fcca044ae5ab110ded296", size = 3414604 },
    { url = "https://files.pythonhosted.org/packages/46/a0/e410f655300932308e70e883dd60c0c51e6f74bed138641ea9193e64fd7c/Pillow-9.5.0-cp311-cp311-win32.whl", hash = "sha256:54f7102ad31a3de5666827526e248c3530b3a33539dbda27c6843d19d72644ec", size = 2211929 },
    { url = "https://files.pythonhosted.org/packages/0c/02/7729c8aecbc525b560c7eb283ffa34c6f5a6d0ed6d1339570c65a3e63088/Pillow-9.5.0-cp311-cp311-win_amd64.whl", hash = "sha256:cfa4561277f677ecf651e2b22dc43e8f5368b74a25a8f7d1d4a3a243e573f2d4", size = 2511551 },
    { url = "https://files.pythonhosted.org/packages/b9/8b/d38cc68796be4ac238db327682a1acfbc5deccf64a150aa44ee1efbaafae/Pillow-9.5.0-cp311-cp311-win_arm64.whl", hash = "sha256:965e4a05ef364e7b973dd17fc765f42233415974d773e82144c9bbaaaea5d089", size = 2489206 },
    { url = "https://files.pythonhosted.org/packages/5d/38/b7bcbab3bfe1946ba9cf71c1fa03e541b498069457be49eadcdc229412ef/Pillow-9.5.0-cp312-cp312-win32.whl", hash = "sha256:22baf0c3cf0c7f26e82d6e1adf118027afb325e703922c8dfc1d5d0156bb2eeb", size = 2211914 },
    { url = "https://files.pythonhosted.org/packages/29/8a/f4cf3f32bc554f9260b645ea1151449ac13525796d3d1a42076d75945d8d/Pillow-9.5.0-cp312-cp312-win_amd64.whl", hash = "sha256:432b975c009cf649420615388561c0ce7cc31ce9b2e374db659ee4f7d57a1f8b", size = 2511483 },
    { url = "https://files.pythonhosted.org/packages/ec/7d/01404982db598f271ac7c0d0207860f60ab9288cfacce9872eb567cfbfe3/Pillow-9.5.0-cp37-cp37m-macosx_10_10_x86_64.whl", hash = "sha256:5d4ebf8e1db4441a55c509c4baa7a0587a0210f7cd25fcfe74dbbce7a4bd1906", size = 3394876 },
    { url = "https://files.pythonhosted.org/packages/5b/d9/8599b0e4f750aa3cc43613f57cae5a0dfe841b1a8c8c8bde97e83828cdfd/Pillow-9.5.0-cp37-cp37m-manylinux_2_17_aarch64.manylinux2014_aarch64.whl", hash = "sha256:375f6e5ee9620a271acb6820b3d1e94ffa8e741c0601db4c0c4d3cb0a9c224bf", size = 3112088 },
    { url = "https://files.pythonhosted.org/packages/b8/c1/2c1daeb1e7c44d477f4f2d92f3316d922c9f8926378afcba424c6d1850aa/Pillow-9.5.0-cp37-cp37m-manylinux_2_17_i686.manylinux2014_i686.whl", hash = "sha256:99eb6cafb6ba90e436684e08dad8be1637efb71c4f2180ee6b8f940739406e78", size = 3385803 },
    { url = "https://files.pythonhosted.org/packages/37/95/48565d6beb34deaacda1543b515dab9479b8fa8b9046703fd08ad447ddfe/Pillow-9.5.0-cp37-cp37m-manylinux_2_17_x86_64.manylinux2014_x86_64.whl", hash = "sha256:2dfaaf10b6172697b9bceb9a3bd7b951819d1ca339a5ef294d1f1ac6d7f63270", size = 3307826 },
    { url = "https://files.pythonhosted.org/packages/b0/02/baf83c103657285542bba78978f5f6fb21d419944c2a4c54f950eb84a7bc/Pillow-9.5.0-cp37-cp37m-manylinux_2_28_aarch64.whl", hash = "sha256:763782b2e03e45e2c77d7779875f4432e25121ef002a41829d8868700d119392", size = 3163643 },
    { url = "https://files.pythonhosted.org/packages/2c/a2/2d565cb1d754384a88998b9c86daf803a3a7908577875231eb99b8c7973d/Pillow-9.5.0-cp37-cp37m-manylinux_2_28_x86_64.whl", hash = "sha256:35f6e77122a0c0762268216315bf239cf52b88865bba522999dc38f1c52b9b47", size = 3415119 },
    { url = "https://files.pythonhosted.org/packages/97/d2/f0b4c006c8997aff5277cdde18187c55ce767f9fd32b2dd657c1bf71b570/Pillow-9.5.0-cp37-cp37m-win32.whl", hash = "sha256:aca1c196f407ec7cf04dcbb15d19a43c507a81f7ffc45b690899d6a76ac9fda7", size = 2228447 },
    { url = "https://files.pythonhosted.org/packages/cb/3c/4f3ef1a14e903d7b2bc43672c20f732b874e1e50a9a58ac9a1726ef3773d/Pillow-9.5.0-cp37-cp37m-win_amd64.whl", hash = "sha256:322724c0032af6692456cd6ed554bb85f8149214d97398bb80613b04e33769f6", size = 2536969 },
    { url = "https://files.pythonhosted.org/packages/49/ef/98941488c7491a249692787dc741c97c22d5212a6d85f017519011195cfe/Pillow-9.5.0-cp38-cp38-macosx_10_10_x86_64.whl", hash = "sha256:a0aa9417994d91301056f3d0038af1199eb7adc86e646a36b9e050b06f526597", size = 3395670 },
    { url = "https://files.pythonhosted.org/packages/aa/a5/ba2eeb1a242babb23a21a782356f8b6fe1312b24b69062ee1cb60107fd95/Pillow-9.5.0-cp38-cp38-macosx_11_0_arm64.whl", hash = "sha256:f8286396b351785801a976b1e85ea88e937712ee2c3ac653710a4a57a8da5d9c", size = 3077136 },
    { url = "https://files.pythonhosted.org/packages/18/e4/f13369726d14e550f0028265b299f7c8262ccb7fb295df29e4f2fd79e0ab/Pillow-9.5.0-cp38-cp38-manylinux_2_17_aarch64.manylinux2014_aarch64.whl", hash = "sha256:c830a02caeb789633863b466b9de10c015bded434deb3ec87c768e53752ad22a", size = 3112507 },
    { url = "https://files.pythonhosted.org/packages/90/00/123c546069abac47bd4ce2e0a78e6ad4040e43294ebbb266a3a21d3616b2/Pillow-9.5.0-cp38-cp38-manylinux_2_17_i686.manylinux2014_i686.whl", hash = "sha256:fbd359831c1657d69bb81f0db962905ee05e5e9451913b18b831febfe0519082", size = 3386666 },
    { url = "https://files.pythonhosted.org/packages/1b/dc/2d0919633097a93dcad35a2fb97304f4a9297f746e830a8b441af3db2007/Pillow-9.5.0-cp38-cp38-manylinux_2_17_x86_64.manylinux2014_x86_64.whl", hash = "sha256:f8fc330c3370a81bbf3f88557097d1ea26cd8b019d6433aa59f71195f5ddebbf", size = 3308600 },
    { url = "https://files.pythonhosted.org/packages/33/a8/0d37d73387b8ea9cb3ad391a93e65ed9f62a331c0dfed1869891b6efd7a2/Pillow-9.5.0-cp38-cp38-manylinux_2_28_aarch64.whl", hash = "sha256:7002d0797a3e4193c7cdee3198d7c14f92c0836d6b4a3f3046a64bd1ce8df2bf", size = 3163998 },
    { url = "https://files.pythonhosted.org/packages/a6/8b/cca45afbbd58ca032594ea465ded859b9da6d8bc226afe0e60e64bd8872e/Pillow-9.5.0-cp38-cp38-manylinux_2_28_x86_64.whl", hash = "sha256:229e2c79c00e85989a34b5981a2b67aa079fd08c903f0aaead522a1d68d79e51", size = 3415559 },
    { url = "https://files.pythonhosted.org/packages/5d/06/2f319e3244bdd84567ed2d7d405a6e0fd9dd03fc6d7e24794ac1e14d570d/Pillow-9.5.0-cp38-cp38-musllinux_1_1_aarch64.whl", hash = "sha256:9adf58f5d64e474bed00d69bcd86ec4bcaa4123bfa70a65ce72e424bfb88ed96", size = 3350681 },
    { url = "https://files.pythonhosted.org/packages/db/5c/ba9e291850f594f89436cdca93d36c6f8610d4fb7833a6c257f4481d4174/Pillow-9.5.0-cp38-cp38-musllinux_1_1_x86_64.whl", hash = "sha256:662da1f3f89a302cc22faa9f14a262c2e3951f9dbc9617609a47521c69dd9f8f", size = 3414578 },
    { url = "https://files.pythonhosted.org/packages/85/4d/d0b5c3610a39f01e380489770b10e2b8644a2188eace45c84e40d439b0dd/Pillow-9.5.0-cp38-cp38-win32.whl", hash = "sha256:6608ff3bf781eee0cd14d0901a2b9cc3d3834516532e3bd673a0a204dc8615fc", size = 2229252 },
    { url = "https://files.pythonhosted.org/packages/c3/ba/c4c2a1411561cd9725979115e7450f1367b44997ae1ff29e5845bce92d52/Pillow-9.5.0-cp38-cp38-win_amd64.whl", hash = "sha256:e49eb4e95ff6fd7c0c402508894b1ef0e01b99a44320ba7d8ecbabefddcc5569", size = 2537784 },
    { url = "https://files.pythonhosted.org/packages/64/46/672289c0ff87733fb93854dedf3a8d65642a25c0bfc88e7f6d722f9161a5/Pillow-9.5.0-cp39-cp39-macosx_10_10_x86_64.whl", hash = "sha256:482877592e927fd263028c105b36272398e3e1be3269efda09f6ba21fd83ec66", size = 3395750 },
    { url = "https://files.pythonhosted.org/packages/a9/70/9259e93534d01f846f7d0501f19bb7d8cc1751741bc20826fc8d3a20fe32/Pillow-9.5.0-cp39-cp39-macosx_11_0_arm64.whl", hash = "sha256:3ded42b9ad70e5f1754fb7c2e2d6465a9c842e41d178f262e08b8c85ed8a1d8e", size = 3077133 },
    { url = "https://files.pythonhosted.org/packages/95/62/8a943681db5f6588498ed86aa1568dd31c63f6afdabe50841589fc662c68/Pillow-9.5.0-cp39-cp39-manylinux_2_17_aarch64.manylinux2014_aarch64.whl", hash = "sha256:c446d2245ba29820d405315083d55299a796695d747efceb5717a8b450324115", size = 3112534 },
    { url = "https://files.pythonhosted.org/packages/f2/43/0892913d499c8df2c88dee69d59e77de19e0c51754a9be82023880641c09/Pillow-9.5.0-cp39-cp39-manylinux_2_17_i686.manylinux2014_i686.whl", hash = "sha256:8aca1152d93dcc27dc55395604dcfc55bed5f25ef4c98716a928bacba90d33a3", size = 3386725 },
    { url = "https://files.pythonhosted.org/packages/ff/fc/48a51c0fe2a00d5def57b9981a1e0f8339b516351da7a51500383d833bc8/Pillow-9.5.0-cp39-cp39-manylinux_2_17_x86_64.manylinux2014_x86_64.whl", hash = "sha256:608488bdcbdb4ba7837461442b90ea6f3079397ddc968c31265c1e056964f1ef", size = 3308605 },
    { url = "https://files.pythonhosted.org/packages/af/b7/f9faf80e3c93b02712c5748f10c75a8948e74eca61ec2408f7e1d4c9dd16/Pillow-9.5.0-cp39-cp39-manylinux_2_28_aarch64.whl", hash = "sha256:60037a8db8750e474af7ffc9faa9b5859e6c6d0a50e55c45576bf28be7419705", size = 3164057 },
    { url = "https://files.pythonhosted.org/packages/3b/2b/57915b8af178e2c20bfd403ffed4521947881f9dbbfbaba48210dc59b9d7/Pillow-9.5.0-cp39-cp39-manylinux_2_28_x86_64.whl", hash = "sha256:07999f5834bdc404c442146942a2ecadd1cb6292f5229f4ed3b31e0a108746b1", size = 3415613 },
    { url = "https://files.pythonhosted.org/packages/e7/2a/f3ed578595f8486ee2cc07434460097d89aedd406a3db849b890ca8ec416/Pillow-9.5.0-cp39-cp39-musllinux_1_1_aarch64.whl", hash = "sha256:a127ae76092974abfbfa38ca2d12cbeddcdeac0fb71f9627cc1135bedaf9d51a", size = 3350667 },
    { url = "https://files.pythonhosted.org/packages/28/a2/f2d0d584d45100a5419fd70a1233ade8f12469ffe6e8e3acd40364beaadb/Pillow-9.5.0-cp39-cp39-musllinux_1_1_x86_64.whl", hash = "sha256:489f8389261e5ed43ac8ff7b453162af39c3e8abd730af8363587ba64bb2e865", size = 3414552 },
    { url = "https://files.pythonhosted.org/packages/51/3a/a6701b987007aaa43559b7d8510629845b25686f09a0eb29f8946a62d767/Pillow-9.5.0-cp39-cp39-win32.whl", hash = "sha256:9b1af95c3a967bf1da94f253e56b6286b50af23392a886720f563c547e48e964", size = 2229361 },
    { url = "https://files.pythonhosted.org/packages/69/72/48cc52bff8731cf72bc4101e34dc44807a410c171f921afb582a511da50e/Pillow-9.5.0-cp39-cp39-win_amd64.whl", hash = "sha256:77165c4a5e7d5a284f10a6efaa39a0ae8ba839da344f20b111d62cc932fa4e5d", size = 2538580 },
    { url = "https://files.pythonhosted.org/packages/05/80/40ec3390eb39f128f9c81dfdce6fe419fad1296e816232c2785e74bb6255/Pillow-9.5.0-pp38-pypy38_pp73-macosx_10_10_x86_64.whl", hash = "sha256:833b86a98e0ede388fa29363159c9b1a294b0905b5128baf01db683672f230f5", size = 3350068 },
    { url = "https://files.pythonhosted.org/packages/52/f8/099a6b9de39763b40ed6be5c0aa5b5aed800ecad98535c6c77dfa79484f1/Pillow-9.5.0-pp38-pypy38_pp73-manylinux_2_17_i686.manylinux2014_i686.whl", hash = "sha256:aaf305d6d40bd9632198c766fb64f0c1a83ca5b667f16c1e79e1661ab5060140", size = 3281820 },
    { url = "https://files.pythonhosted.org/packages/0d/4f/e31e4814b09f15c13d6fe069458a3b32a240ffaeb603b973456de3ea6d2a/Pillow-9.5.0-pp38-pypy38_pp73-manylinux_2_17_x86_64.manylinux2014_x86_64.whl", hash = "sha256:0852ddb76d85f127c135b6dd1f0bb88dbb9ee990d2cd9aa9e28526c93e794fba", size = 3222897 },
    { url = "https://files.pythonhosted.org/packages/22/3b/db9837995e3d51ff356e39726e2ec0925850fdfef104996c2767baca4407/Pillow-9.5.0-pp38-pypy38_pp73-manylinux_2_28_x86_64.whl", hash = "sha256:91ec6fe47b5eb5a9968c79ad9ed78c342b1f97a091677ba0e012701add857829", size = 3298302 },
    { url = "https://files.pythonhosted.org/packages/d9/0e/7c6f054022235830dc2c37ec83e947d9ca09b0b0361e1e5e29983da92294/Pillow-9.5.0-pp38-pypy38_pp73-win_amd64.whl", hash = "sha256:cb841572862f629b99725ebaec3287fc6d275be9b14443ea746c1dd325053cbd", size = 2537868 },
    { url = "https://files.pythonhosted.org/packages/24/35/92032a00f41bea9bf93f19d48f15daac27d1365c0038fe22dc4e7fc7c8b0/Pillow-9.5.0-pp39-pypy39_pp73-macosx_10_10_x86_64.whl", hash = "sha256:c380b27d041209b849ed246b111b7c166ba36d7933ec6e41175fd15ab9eb1572", size = 3349772 },
    { url = "https://files.pythonhosted.org/packages/50/ce/d39869c22904558ce32e664904cf72f13a9d47703b72392e881d9e7b6082/Pillow-9.5.0-pp39-pypy39_pp73-manylinux_2_17_i686.manylinux2014_i686.whl", hash = "sha256:7c9af5a3b406a50e313467e3565fc99929717f780164fe6fbb7704edba0cebbe", size = 3281583 },
    { url = "https://files.pythonhosted.org/packages/7a/75/4a382d1567efc6f4e3054f693167f8ce2d1ad939c5f6f12aa5c50f74b997/Pillow-9.5.0-pp39-pypy39_pp73-manylinux_2_17_x86_64.manylinux2014_x86_64.whl", hash = "sha256:5671583eab84af046a397d6d0ba25343c00cd50bce03787948e0fff01d4fd9b1", size = 3222603 },
    { url = "https://files.pythonhosted.org/packages/51/d2/c10f72c44e000d08e41f822083cf322bb59afa7ed01ae7e3e47875b47600/Pillow-9.5.0-pp39-pypy39_pp73-manylinux_2_28_x86_64.whl", hash = "sha256:84a6f19ce086c1bf894644b43cd129702f781ba5751ca8572f08aa40ef0ab7b7", size = 3298174 },
    { url = "https://files.pythonhosted.org/packages/02/4a/d362f7f44f1e5801c6726f0eaaeaf869d0d43c554b717072b2c5540cefb4/Pillow-9.5.0-pp39-pypy39_pp73-win_amd64.whl", hash = "sha256:1e7723bd90ef94eda669a3c2c19d549874dd5badaeefabefd26053304abe5799", size = 2538628 },
]

[[package]]
name = "pyautogui"
version = "0.9.54"
source = { registry = "https://pypi.org/simple" }
dependencies = [
    { name = "mouseinfo" },
    { name = "pygetwindow" },
    { name = "pymsgbox" },
    { name = "pyobjc-core", marker = "platform_system == 'Darwin'" },
    { name = "pyobjc-framework-quartz", marker = "platform_system == 'Darwin'" },
    { name = "pyscreeze" },
    { name = "python3-xlib", marker = "platform_system == 'Linux'" },
    { name = "pytweening" },
]
sdist = { url = "https://files.pythonhosted.org/packages/65/ff/cdae0a8c2118a0de74b6cf4cbcdcaf8fd25857e6c3f205ce4b1794b27814/PyAutoGUI-0.9.54.tar.gz", hash = "sha256:dd1d29e8fd118941cb193f74df57e5c6ff8e9253b99c7b04f39cfc69f3ae04b2", size = 61236 }

[[package]]
name = "pygetwindow"
version = "0.0.9"
source = { registry = "https://pypi.org/simple" }
dependencies = [
    { name = "pyrect" },
]
sdist = { url = "https://files.pythonhosted.org/packages/e1/70/c7a4f46dbf06048c6d57d9489b8e0f9c4c3d36b7479f03c5ca97eaa2541d/PyGetWindow-0.0.9.tar.gz", hash = "sha256:17894355e7d2b305cd832d717708384017c1698a90ce24f6f7fbf0242dd0a688", size = 9699 }

[[package]]
name = "pymsgbox"
version = "1.0.9"
source = { registry = "https://pypi.org/simple" }
sdist = { url = "https://files.pythonhosted.org/packages/7d/ff/4c6f31a4f08979f12a663f2aeb6c8b765d3bd592e66eaaac445f547bb875/PyMsgBox-1.0.9.tar.gz", hash = "sha256:2194227de8bff7a3d6da541848705a155dcbb2a06ee120d9f280a1d7f51263ff", size = 18829 }

[[package]]
name = "pyobjc-core"
version = "9.2"
source = { registry = "https://pypi.org/simple" }
sdist = { url = "https://files.pythonhosted.org/packages/48/d9/a13566ce8914746557b9e8637a5abe1caae86ed202b0fb072029626b8bb1/pyobjc-core-9.2.tar.gz", hash = "sha256:d734b9291fec91ff4e3ae38b9c6839debf02b79c07314476e87da8e90b2c68c3", size = 923758 }
wheels = [
    { url = "https://files.pythonhosted.org/packages/04/8f/e005f4863a7257285d5c98365e2d6e2dd717298d829453fc6eb25ac74a11/pyobjc_core-9.2-cp310-cp310-macosx_10_9_universal2.whl", hash = "sha256:fa674a39949f5cde8e5c7bbcd24496446bfc67592b028aedbec7f81dc5fc4daa", size = 736822 },
    { url = "https://files.pythonhosted.org/packages/81/49/766832436ba1f992328d6048145a1aaec11f677f1e53e0de658a2b627562/pyobjc_core-9.2-cp311-cp311-macosx_10_9_universal2.whl", hash = "sha256:bbc8de304ee322a1ee530b4d2daca135a49b4a49aa3cedc6b2c26c43885f4842", size = 731867 },
    { url = "https://files.pythonhosted.org/packages/08/45/b993d9ac2ea48f020ae6f295c61695818eebf3921d0959a000b8fcb2895e/pyobjc_core-9.2-cp312-cp312-macosx_10_9_universal2.whl", hash = "sha256:0fa950f092673883b8bd28bc18397415cabb457bf410920762109b411789ade9", size = 734746 },
    { url = "https://files.pythonhosted.org/packages/b9/75/7750c084871975ead4fdfc4938315709d48ea7952e8a1a2c6247436e0478/pyobjc_core-9.2-cp37-cp37m-macosx_10_9_x86_64.whl", hash = "sha256:586e4cae966282eaa61b21cae66ccdcee9d69c036979def26eebdc08ddebe20f", size = 397856 },
    { url = "https://files.pythonhosted.org/packages/04/f5/f750f72af0fe30c3e30b92f514701fb724db28b860838bc3b83584af01ff/pyobjc_core-9.2-cp38-cp38-macosx_10_9_x86_64.whl", hash = "sha256:41189c2c680931c0395a55691763c481fc681f454f21bb4f1644f98c24a45954", size = 406175 },
    { url = "https://files.pythonhosted.org/packages/b9/bd/3d85098a8f2cfd725391abf145c37a638717968efa52bfc0568e155a628e/pyobjc_core-9.2-cp38-cp38-macosx_11_0_universal2.whl", hash = "sha256:2d23ee539f2ba5e9f5653d75a13f575c7e36586fc0086792739e69e4c2617eda", size = 726463 },
    { url = "https://files.pythonhosted.org/packages/35/5e/6d130b175bb4d4635a0e434e7d05be019841ac11c63e9be7eb3c25029346/pyobjc_core-9.2-cp39-cp39-macosx_10_9_universal2.whl", hash = "sha256:b9809cf96678797acb72a758f34932fe8e2602d5ab7abec15c5ac68ddb481720", size = 737102 },
]

[[package]]
name = "pyobjc-framework-cocoa"
version = "9.2"
source = { registry = "https://pypi.org/simple" }
dependencies = [
    { name = "pyobjc-core" },
]
sdist = { url = "https://files.pythonhosted.org/packages/38/91/c54fdffda6d7cfad67ff617f19001163658d50bc72376d1584e691cf4895/pyobjc-framework-Cocoa-9.2.tar.gz", hash = "sha256:efd78080872d8c8de6c2b97e0e4eac99d6203a5d1637aa135d071d464eb2db53", size = 6170134 }
wheels = [
    { url = "https://files.pythonhosted.org/packages/d7/b3/e9c6d3e8d53453567805ca461cf52a08807ca2c860c1364c27dc10cdc67e/pyobjc_framework_Cocoa-9.2-cp310-cp310-macosx_10_9_universal2.whl", hash = "sha256:9e02d8a7cc4eb7685377c50ba4f17345701acf4c05b1e7480d421bff9e2f62a4", size = 390521 },
    { url = "https://files.pythonhosted.org/packages/04/0a/1bb7500d725593fa035b44c5d16b95c0b80d501db3ce1c2e97f47be23c69/pyobjc_framework_Cocoa-9.2-cp311-cp311-macosx_10_9_universal2.whl", hash = "sha256:3b1e6287b3149e4c6679cdbccd8e9ef6557a4e492a892e80a77df143f40026d2", size = 390498 },
    { url = "https://files.pythonhosted.org/packages/e0/f6/ecbc6323aa12df79acdaf8a75f7bb93d273b6dcd0c5b65658c2505bbc977/pyobjc_framework_Cocoa-9.2-cp312-cp312-macosx_10_9_universal2.whl", hash = "sha256:312977ce2e3989073c6b324c69ba24283de206fe7acd6dbbbaf3e29238a22537", size = 390601 },
    { url = "https://files.pythonhosted.org/packages/fa/f1/d3d3528d1d62d3e21211bcb8bd6bfe1b8c2815d700eb986fdb1f37de9c7d/pyobjc_framework_Cocoa-9.2-cp37-cp37m-macosx_10_9_x86_64.whl", hash = "sha256:aae7841cf40c26dd915f4dd828f91c6616e6b7998630b72e704750c09e00f334", size = 284387 },
    { url = "https://files.pythonhosted.org/packages/9b/e2/49ea296127184f8b578838ba0d3d170abb75c23760d940f952df0fe0e132/pyobjc_framework_Cocoa-9.2-cp38-cp38-macosx_10_9_x86_64.whl", hash = "sha256:739a421e14382a46cbeb9a883f192dceff368ad28ec34d895c48c0ad34cf2c1d", size = 285108 },
    { url = "https://files.pythonhosted.org/packages/15/10/0d46760671b5fce9e494db4dca3a976cb0ea4feba1ad8ef489082a09b253/pyobjc_framework_Cocoa-9.2-cp38-cp38-macosx_11_0_universal2.whl", hash = "sha256:32d9ac1033fac1b821ddee8c68f972a7074ad8c50bec0bea9a719034c1c2fb94", size = 390526 },
    { url = "https://files.pythonhosted.org/packages/64/09/d0eb252549b3009f008c8415c9739a9c726ddfec9adc1aa92b6a8dec0efe/pyobjc_framework_Cocoa-9.2-cp39-cp39-macosx_10_9_universal2.whl", hash = "sha256:b236bb965e41aeb2e215d4e98a5a230d4b63252c6d26e00924ea2e69540a59d6", size = 390462 },
]

[[package]]
name = "pyobjc-framework-quartz"
version = "9.2"
source = { registry = "https://pypi.org/simple" }
dependencies = [
    { name = "pyobjc-core" },
    { name = "pyobjc-framework-cocoa" },
]
sdist = { url = "https://files.pythonhosted.org/packages/49/52/a56bbd76bba721f49fa07d34ac962414b95eb49a9b941fe4d3761f3e6934/pyobjc-framework-Quartz-9.2.tar.gz", hash = "sha256:f586183b9b9ef7f165f0444a7b714ed965d79f6e92617caaf869150dcfd5a72b", size = 3905351 }
wheels = [
    { url = "https://files.pythonhosted.org/packages/e2/91/2bf6bd82d46427b93c7de4f5f37e7ee7e5dda57d85134aa42953319781fb/pyobjc_framework_Quartz-9.2-cp310-cp310-macosx_10_9_universal2.whl", hash = "sha256:fb700b24088c8fe126dc0fb5ab4caa156e1e48c1a94839e6bd31c18b570ed53a", size = 228252 },
    { url = "https://files.pythonhosted.org/packages/78/4a/38d88401b2e76eb7e470ecd64cb7a7eb0cd79bbc0639bc84e2deb800a967/pyobjc_framework_Quartz-9.2-cp311-cp311-macosx_10_9_universal2.whl", hash = "sha256:6f983d26720f5f9786db5b525fc61b981be50d0456da1686fc533867d8990bb9", size = 228260 },
    { url = "https://files.pythonhosted.org/packages/ed/9c/df038e1912f5d793dc94cbd082ac98f35deb712e033504b3285b136df46a/pyobjc_framework_Quartz-9.2-cp312-cp312-macosx_10_9_universal2.whl", hash = "sha256:5c512837c211df6a5214d4015f1f85524607952b0619789861c490900e3d5fb9", size = 227940 },
    { url = "https://files.pythonhosted.org/packages/ac/08/087fb085a6b9938c72d9b314e4c2f6df22f84a330c790b6063ffe0a47609/pyobjc_framework_Quartz-9.2-cp37-cp37m-macosx_10_9_x86_64.whl", hash = "sha256:0f81de8c846034e725b7ceaa2fec0cca16463a56bdbe099d1d44f20112182431", size = 143911 },
    { url = "https://files.pythonhosted.org/packages/b8/8d/f8f83f6019a564926a6e5ac6bb08c1de61de92b02c0bb3faa5e77ffe0389/pyobjc_framework_Quartz-9.2-cp38-cp38-macosx_10_9_x86_64.whl", hash = "sha256:ab346bbf410a0eaeca26d713ac1f13c014346cd1b7e195017c9502a17f6273db", size = 145076 },
    { url = "https://files.pythonhosted.org/packages/82/11/8631e39cb4bf889ccb5e6a86f45f022f0b2c9c4a416738229deccc65a86b/pyobjc_framework_Quartz-9.2-cp38-cp38-macosx_11_0_universal2.whl", hash = "sha256:16a0e0677dae6db858cf19943e34deb0424776c9a90a7b67564d0e216861b20d", size = 228787 },
    { url = "https://files.pythonhosted.org/packages/e3/f5/4d6043a7d659b0ea6fefd515c248f73082fb0a61d3f68e6b1778a8d5b1b9/pyobjc_framework_Quartz-9.2-cp39-cp39-macosx_10_9_universal2.whl", hash = "sha256:67909baadcfc3ad2864539af3e94c2c024a29d01d9d6da22bbf9b84eac50064e", size = 228172 },
]

[[package]]
name = "pyperclip"
version = "1.9.0"
source = { registry = "https://pypi.org/simple" }
sdist = { url = "https://files.pythonhosted.org/packages/30/23/2f0a3efc4d6a32f3b63cdff36cd398d9701d26cda58e3ab97ac79fb5e60d/pyperclip-1.9.0.tar.gz", hash = "sha256:b7de0142ddc81bfc5c7507eea19da920b92252b548b96186caf94a5e2527d310", size = 20961 }

[[package]]
name = "pyrect"
version = "0.2.0"
source = { registry = "https://pypi.org/simple" }
sdist = { url = "https://files.pythonhosted.org/packages/cb/04/2ba023d5f771b645f7be0c281cdacdcd939fe13d1deb331fc5ed1a6b3a98/PyRect-0.2.0.tar.gz", hash = "sha256:f65155f6df9b929b67caffbd57c0947c5ae5449d3b580d178074bffb47a09b78", size = 17219 }

[[package]]
name = "pyscreeze"
version = "1.0.1"
source = { registry = "https://pypi.org/simple" }
dependencies = [
    { name = "pillow", marker = "python_full_version < '3.12'" },
]
sdist = { url = "https://files.pythonhosted.org/packages/ee/f0/cb456ac4f1a73723d5b866933b7986f02bacea27516629c00f8e7da94c2d/pyscreeze-1.0.1.tar.gz", hash = "sha256:cf1662710f1b46aa5ff229ee23f367da9e20af4a78e6e365bee973cad0ead4be", size = 27826 }

[[package]]
name = "python3-xlib"
version = "0.15"
source = { registry = "https://pypi.org/simple" }
sdist = { url = "https://files.pythonhosted.org/packages/ef/c6/2c5999de3bb1533521f1101e8fe56fd9c266732f4d48011c7c69b29d12ae/python3-xlib-0.15.tar.gz", hash = "sha256:dc4245f3ae4aa5949c1d112ee4723901ade37a96721ba9645f2bfa56e5b383f8", size = 132828 }

[[package]]
name = "pytweening"
version = "1.2.0"
source = { registry = "https://pypi.org/simple" }
sdist = { url = "https://files.pythonhosted.org/packages/79/0c/c16bc93ac2755bac0066a8ecbd2a2931a1735a6fffd99a2b9681c7e83e90/pytweening-1.2.0.tar.gz", hash = "sha256:243318b7736698066c5f362ec5c2b6434ecf4297c3c8e7caa8abfe6af4cac71b", size = 171241 }

[[package]]
name = "rubicon-objc"
version = "0.4.6"
source = { registry = "https://pypi.org/simple" }
dependencies = [
    { name = "importlib-metadata", marker = "python_full_version < '3.8'" },
]
sdist = { url = "https://files.pythonhosted.org/packages/29/23/2fef9bd16a5e01d309f7009e37f770baf6b37529392fd98bf230a2410a02/rubicon-objc-0.4.6.tar.gz", hash = "sha256:faa6e373deab93ba70881354b884137b80403ce78fca2380f189cb338b350926", size = 164270 }
wheels = [
    { url = "https://files.pythonhosted.org/packages/57/78/e74d02f2da345930010c01144c25485876b33ff16f61d73466c251f40335/rubicon_objc-0.4.6-py3-none-any.whl", hash = "sha256:d4ec8892771bf7ac9569c1310c3beb80bb516c3df0323e6ffd63442b246dfddd", size = 60664 },
]

[[package]]
name = "spotify-2-applemusic"
version = "0.1.0"
source = { virtual = "." }
dependencies = [
    { name = "pyautogui" },
]

[package.metadata]
requires-dist = [{ name = "pyautogui", specifier = ">=0.9.54" }]

[[package]]
name = "typing-extensions"
version = "4.7.1"
source = { registry = "https://pypi.org/simple" }
sdist = { url = "https://files.pythonhosted.org/packages/3c/8b/0111dd7d6c1478bf83baa1cab85c686426c7a6274119aceb2bd9d35395ad/typing_extensions-4.7.1.tar.gz", hash = "sha256:b75ddc264f0ba5615db7ba217daeb99701ad295353c45f9e95963337ceeeffb2", size = 72876 }
wheels = [
    { url = "https://files.pythonhosted.org/packages/ec/6b/63cc3df74987c36fe26157ee12e09e8f9db4de771e0f3404263117e75b95/typing_extensions-4.7.1-py3-none-any.whl", hash = "sha256:440d5dd3af93b060174bf433bccd69b0babc3b15b1a8dca43789fd7f61514b36", size = 33232 },
]

[[package]]
name = "zipp"
version = "3.15.0"
source = { registry = "https://pypi.org/simple" }
sdist = { url = "https://files.pythonhosted.org/packages/00/27/f0ac6b846684cecce1ee93d32450c45ab607f65c2e0255f0092032d91f07/zipp-3.15.0.tar.gz", hash = "sha256:112929ad649da941c23de50f356a2b5570c954b65150642bccdd66bf194d224b", size = 18454 }
wheels = [
    { url = "https://files.pythonhosted.org/packages/5b/fa/c9e82bbe1af6266adf08afb563905eb87cab83fde00a0a08963510621047/zipp-3.15.0-py3-none-any.whl", hash = "sha256:48904fc76a60e542af151aded95726c1a5c34ed43ab4134b597665c86d7ad556", size = 6758 },
]
